
Microsoft Visual Studio Solution File, Format Version 12.00
# Visual Studio Version 17
VisualStudioVersion = 17.0.32112.339
MinimumVisualStudioVersion = 10.0.40219.1
Project("{9A19103F-16F7-4668-BE54-9A1E7A4F7556}") = "EAVFW.Extensions.SecurityModel", "src\EAVFW.Extensions.SecurityModel\EAVFW.Extensions.SecurityModel.csproj", "{9F0EC1B0-1027-4558-A3FA-83F91EDEE9FD}"
EndProject
Project("{2150E333-8FDC-42A3-9474-1A3956D46DE8}") = ".github", ".github", "{E19EAECE-DCA7-4A40-A8FA-1F5E24A6C96C}"
	ProjectSection(SolutionItems) = preProject
		.github\dependabot.yml = .github\dependabot.yml
	EndProjectSection
EndProject
Project("{2150E333-8FDC-42A3-9474-1A3956D46DE8}") = "workflows", "workflows", "{9B71D6A5-AC0B-4FF8-A42B-B47C890DFB9E}"
	ProjectSection(SolutionItems) = preProject
		.github\workflows\.releaserc = .github\workflows\.releaserc
		.github\workflows\build.yml = .github\workflows\build.yml
		.github\workflows\release.yml = .github\workflows\release.yml
		.github\workflows\todo.yml = .github\workflows\todo.yml
	EndProjectSection
EndProject
Project("{2150E333-8FDC-42A3-9474-1A3956D46DE8}") = "Solution Items", "Solution Items", "{C1414CD2-3F16-4AD7-A420-E07A22BFF699}"
	ProjectSection(SolutionItems) = preProject
		Directory.Build.props = Directory.Build.props
		README.md = README.md
	EndProjectSection
EndProject
Global
	GlobalSection(SolutionConfigurationPlatforms) = preSolution
		Debug|Any CPU = Debug|Any CPU
		Release|Any CPU = Release|Any CPU
	EndGlobalSection
	GlobalSection(ProjectConfigurationPlatforms) = postSolution
		{9F0EC1B0-1027-4558-A3FA-83F91EDEE9FD}.Debug|Any CPU.ActiveCfg = Debug|Any CPU
		{9F0EC1B0-1027-4558-A3FA-83F91EDEE9FD}.Debug|Any CPU.Build.0 = Debug|Any CPU
		{9F0EC1B0-1027-4558-A3FA-83F91EDEE9FD}.Release|Any CPU.ActiveCfg = Release|Any CPU
		{9F0EC1B0-1027-4558-A3FA-83F91EDEE9FD}.Release|Any CPU.Build.0 = Release|Any CPU
	EndGlobalSection
	GlobalSection(SolutionProperties) = preSolution
		HideSolutionNode = FALSE
	EndGlobalSection
	GlobalSection(NestedProjects) = preSolution
		{9B71D6A5-AC0B-4FF8-A42B-B47C890DFB9E} = {E19EAECE-DCA7-4A40-A8FA-1F5E24A6C96C}
	EndGlobalSection
	GlobalSection(ExtensibilityGlobals) = postSolution
		SolutionGuid = {656A82D3-73C6-4446-AAE6-0805977801BB}
	EndGlobalSection
EndGlobal
